
Microsoft Visual Studio Solution File, Format Version 12.00
# Visual Studio 15
VisualStudioVersion = 15.0.26730.3
MinimumVisualStudioVersion = 10.0.40219.1
Project("{FAE04EC0-301F-11D3-BF4B-00C04F79EFBC}") = "DluznikWPF", "DluznikWPF\DluznikWPF.csproj", "{B7570C08-BDB4-49C0-8A66-F8FDF56A3EA2}"
EndProject
Project("{FAE04EC0-301F-11D3-BF4B-00C04F79EFBC}") = "DluznikWPF.Core", "DluznikWPF.Core\DluznikWPF.Core.csproj", "{9FE9581B-E843-4A32-8681-B0D4801B2690}"
EndProject
Project("{930C7802-8A8C-48F9-8165-68863BCCD9DD}") = "DluznikWPF.Installer", "DluznikWPF.Installer\DluznikWPF.Installer.wixproj", "{5BDBA279-D5D6-4C40-89A8-E05B04707D4B}"
EndProject
Global
	GlobalSection(SolutionConfigurationPlatforms) = preSolution
		Debug|x64 = Debug|x64
		Debug|x86 = Debug|x86
		Release|x64 = Release|x64
		Release|x86 = Release|x86
	EndGlobalSection
	GlobalSection(ProjectConfigurationPlatforms) = postSolution
		{B7570C08-BDB4-49C0-8A66-F8FDF56A3EA2}.Debug|x64.ActiveCfg = Debug|x64
		{B7570C08-BDB4-49C0-8A66-F8FDF56A3EA2}.Debug|x64.Build.0 = Debug|x64
		{B7570C08-BDB4-49C0-8A66-F8FDF56A3EA2}.Debug|x86.ActiveCfg = Debug|Any CPU
		{B7570C08-BDB4-49C0-8A66-F8FDF56A3EA2}.Debug|x86.Build.0 = Debug|Any CPU
		{B7570C08-BDB4-49C0-8A66-F8FDF56A3EA2}.Release|x64.ActiveCfg = Release|x64
		{B7570C08-BDB4-49C0-8A66-F8FDF56A3EA2}.Release|x64.Build.0 = Release|x64
		{B7570C08-BDB4-49C0-8A66-F8FDF56A3EA2}.Release|x86.ActiveCfg = Release|Any CPU
		{B7570C08-BDB4-49C0-8A66-F8FDF56A3EA2}.Release|x86.Build.0 = Release|Any CPU
		{9FE9581B-E843-4A32-8681-B0D4801B2690}.Debug|x64.ActiveCfg = Debug|x64
		{9FE9581B-E843-4A32-8681-B0D4801B2690}.Debug|x64.Build.0 = Debug|x64
		{9FE9581B-E843-4A32-8681-B0D4801B2690}.Debug|x86.ActiveCfg = Debug|Any CPU
		{9FE9581B-E843-4A32-8681-B0D4801B2690}.Debug|x86.Build.0 = Debug|Any CPU
		{9FE9581B-E843-4A32-8681-B0D4801B2690}.Release|x64.ActiveCfg = Release|x64
		{9FE9581B-E843-4A32-8681-B0D4801B2690}.Release|x64.Build.0 = Release|x64
		{9FE9581B-E843-4A32-8681-B0D4801B2690}.Release|x86.ActiveCfg = Release|Any CPU
		{9FE9581B-E843-4A32-8681-B0D4801B2690}.Release|x86.Build.0 = Release|Any CPU
		{5BDBA279-D5D6-4C40-89A8-E05B04707D4B}.Debug|x64.ActiveCfg = Debug|x86
		{5BDBA279-D5D6-4C40-89A8-E05B04707D4B}.Debug|x86.ActiveCfg = Debug|x86
		{5BDBA279-D5D6-4C40-89A8-E05B04707D4B}.Debug|x86.Build.0 = Debug|x86
		{5BDBA279-D5D6-4C40-89A8-E05B04707D4B}.Release|x64.ActiveCfg = Release|x64
		{5BDBA279-D5D6-4C40-89A8-E05B04707D4B}.Release|x86.ActiveCfg = Release|x86
		{5BDBA279-D5D6-4C40-89A8-E05B04707D4B}.Release|x86.Build.0 = Release|x86
	EndGlobalSection
	GlobalSection(SolutionProperties) = preSolution
		HideSolutionNode = FALSE
	EndGlobalSection
	GlobalSection(ExtensibilityGlobals) = postSolution
		SolutionGuid = {786690E5-5A5A-428A-B747-9CDEC4DD4B6B}
	EndGlobalSection
EndGlobal
